// !$*UTF8*$!
{
	archiveVersion = 1;
	classes = {
	};
	objectVersion = 50;
	objects = {

/* Begin PBXBuildFile section */
		CF8DC8FF20BC7B9200CC2453 /* AppDelegate.swift in Sources */ = {isa = PBXBuildFile; fileRef = CF8DC8FE20BC7B9200CC2453 /* AppDelegate.swift */; };
		CF8DC90120BC7B9200CC2453 /* ViewController.swift in Sources */ = {isa = PBXBuildFile; fileRef = CF8DC90020BC7B9200CC2453 /* ViewController.swift */; };
		CF8DC90420BC7B9200CC2453 /* Main.storyboard in Resources */ = {isa = PBXBuildFile; fileRef = CF8DC90220BC7B9200CC2453 /* Main.storyboard */; };
		CF8DC90620BC7B9400CC2453 /* Assets.xcassets in Resources */ = {isa = PBXBuildFile; fileRef = CF8DC90520BC7B9400CC2453 /* Assets.xcassets */; };
		CF8DC93420BDCD5600CC2453 /* MultipeerConnectionBrowserManager.swift in Sources */ = {isa = PBXBuildFile; fileRef = CF8DC93320BDCD5600CC2453 /* MultipeerConnectionBrowserManager.swift */; };
/* End PBXBuildFile section */

/* Begin PBXFileReference section */
		CF8DC8FB20BC7B9200CC2453 /* MultiPeerConnection_AppleTV.app */ = {isa = PBXFileReference; explicitFileType = wrapper.application; includeInIndex = 0; path = MultiPeerConnection_AppleTV.app; sourceTree = BUILT_PRODUCTS_DIR; };
		CF8DC8FE20BC7B9200CC2453 /* AppDelegate.swift */ = {isa = PBXFileReference; lastKnownFileType = sourcecode.swift; path = AppDelegate.swift; sourceTree = "<group>"; };
		CF8DC90020BC7B9200CC2453 /* ViewController.swift */ = {isa = PBXFileReference; lastKnownFileType = sourcecode.swift; path = ViewController.swift; sourceTree = "<group>"; };
		CF8DC90320BC7B9200CC2453 /* Base */ = {isa = PBXFileReference; lastKnownFileType = file.storyboard; name = Base; path = Base.lproj/Main.storyboard; sourceTree = "<group>"; };
		CF8DC90520BC7B9400CC2453 /* Assets.xcassets */ = {isa = PBXFileReference; lastKnownFileType = folder.assetcatalog; path = Assets.xcassets; sourceTree = "<group>"; };
		CF8DC90720BC7B9400CC2453 /* Info.plist */ = {isa = PBXFileReference; lastKnownFileType = text.plist.xml; path = Info.plist; sourceTree = "<group>"; };
		CF8DC93320BDCD5600CC2453 /* MultipeerConnectionBrowserManager.swift */ = {isa = PBXFileReference; lastKnownFileType = sourcecode.swift; path = MultipeerConnectionBrowserManager.swift; sourceTree = "<group>"; };
/* End PBXFileReference section */

/* Begin PBXFrameworksBuildPhase section */
		CF8DC8F820BC7B9200CC2453 /* Frameworks */ = {
			isa = PBXFrameworksBuildPhase;
			buildActionMask = 2147483647;
			files = (
			);
			runOnlyForDeploymentPostprocessing = 0;
		};
/* End PBXFrameworksBuildPhase section */

/* Begin PBXGroup section */
		CF8DC8F220BC7B9200CC2453 = {
			isa = PBXGroup;
			children = (
				CF8DC8FD20BC7B9200CC2453 /* MultiPeerConnection_AppleTV */,
				CF8DC8FC20BC7B9200CC2453 /* Products */,
			);
			sourceTree = "<group>";
		};
		CF8DC8FC20BC7B9200CC2453 /* Products */ = {
			isa = PBXGroup;
			children = (
				CF8DC8FB20BC7B9200CC2453 /* MultiPeerConnection_AppleTV.app */,
			);
			name = Products;
			sourceTree = "<group>";
		};
		CF8DC8FD20BC7B9200CC2453 /* MultiPeerConnection_AppleTV */ = {
			isa = PBXGroup;
			children = (
				CF8DC8FE20BC7B9200CC2453 /* AppDelegate.swift */,
				CF8DC90020BC7B9200CC2453 /* ViewController.swift */,
				CF8DC90220BC7B9200CC2453 /* Main.storyboard */,
				CF8DC90520BC7B9400CC2453 /* Assets.xcassets */,
				CF8DC90720BC7B9400CC2453 /* Info.plist */,
				CF8DC93320BDCD5600CC2453 /* MultipeerConnectionBrowserManager.swift */,
			);
			path = MultiPeerConnection_AppleTV;
			sourceTree = "<group>";
		};
/* End PBXGroup section */

/* Begin PBXNativeTarget section */
		CF8DC8FA20BC7B9200CC2453 /* MultiPeerConnection_AppleTV */ = {
			isa = PBXNativeTarget;
			buildConfigurationList = CF8DC90A20BC7B9400CC2453 /* Build configuration list for PBXNativeTarget "MultiPeerConnection_AppleTV" */;
			buildPhases = (
				CF8DC8F720BC7B9200CC2453 /* Sources */,
				CF8DC8F820BC7B9200CC2453 /* Frameworks */,
				CF8DC8F920BC7B9200CC2453 /* Resources */,
			);
			buildRules = (
			);
			dependencies = (
			);
			name = MultiPeerConnection_AppleTV;
			productName = MultiPeerConnection_AppleTV;
			productReference = CF8DC8FB20BC7B9200CC2453 /* MultiPeerConnection_AppleTV.app */;
			productType = "com.apple.product-type.application";
		};
/* End PBXNativeTarget section */

/* Begin PBXProject section */
		CF8DC8F320BC7B9200CC2453 /* Project object */ = {
			isa = PBXProject;
			attributes = {
				LastSwiftUpdateCheck = 0930;
				LastUpgradeCheck = 0930;
				ORGANIZATIONNAME = "Renan Germano";
				TargetAttributes = {
					CF8DC8FA20BC7B9200CC2453 = {
						CreatedOnToolsVersion = 9.3;
					};
				};
			};
			buildConfigurationList = CF8DC8F620BC7B9200CC2453 /* Build configuration list for PBXProject "MultiPeerConnection_AppleTV" */;
			compatibilityVersion = "Xcode 9.3";
			developmentRegion = en;
			hasScannedForEncodings = 0;
			knownRegions = (
				en,
				Base,
			);
			mainGroup = CF8DC8F220BC7B9200CC2453;
			productRefGroup = CF8DC8FC20BC7B9200CC2453 /* Products */;
			projectDirPath = "";
			projectRoot = "";
			targets = (
				CF8DC8FA20BC7B9200CC2453 /* MultiPeerConnection_AppleTV */,
			);
		};
/* End PBXProject section */

/* Begin PBXResourcesBuildPhase section */
		CF8DC8F920BC7B9200CC2453 /* Resources */ = {
			isa = PBXResourcesBuildPhase;
			buildActionMask = 2147483647;
			files = (
				CF8DC90620BC7B9400CC2453 /* Assets.xcassets in Resources */,
				CF8DC90420BC7B9200CC2453 /* Main.storyboard in Resources */,
			);
			runOnlyForDeploymentPostprocessing = 0;
		};
/* End PBXResourcesBuildPhase section */

/* Begin PBXSourcesBuildPhase section */
		CF8DC8F720BC7B9200CC2453 /* Sources */ = {
			isa = PBXSourcesBuildPhase;
			buildActionMask = 2147483647;
			files = (
				CF8DC93420BDCD5600CC2453 /* MultipeerConnectionBrowserManager.swift in Sources */,
				CF8DC90120BC7B9200CC2453 /* ViewController.swift in Sources */,
				CF8DC8FF20BC7B9200CC2453 /* AppDelegate.swift in Sources */,
			);
			runOnlyForDeploymentPostprocessing = 0;
		};
/* End PBXSourcesBuildPhase section */

/* Begin PBXVariantGroup section */
		CF8DC90220BC7B9200CC2453 /* Main.storyboard */ = {
			isa = PBXVariantGroup;
			children = (
				CF8DC90320BC7B9200CC2453 /* Base */,
			);
			name = Main.storyboard;
			sourceTree = "<group>";
		};
/* End PBXVariantGroup section */

/* Begin XCBuildConfiguration section */
		CF8DC90820BC7B9400CC2453 /* Debug */ = {
			isa = XCBuildConfiguration;
			buildSettings = {
				ALWAYS_SEARCH_USER_PATHS = NO;
				CLANG_ANALYZER_NONNULL = YES;
				CLANG_ANALYZER_NUMBER_OBJECT_CONVERSION = YES_AGGRESSIVE;
				CLANG_CXX_LANGUAGE_STANDARD = "gnu++14";
				CLANG_CXX_LIBRARY = "libc++";
				CLANG_ENABLE_MODULES = YES;
				CLANG_ENABLE_OBJC_ARC = YES;
				CLANG_ENABLE_OBJC_WEAK = YES;
				CLANG_WARN_BLOCK_CAPTURE_AUTORELEASING = YES;
				CLANG_WARN_BOOL_CONVERSION = YES;
				CLANG_WARN_COMMA = YES;
				CLANG_WARN_CONSTANT_CONVERSION = YES;
				CLANG_WARN_DEPRECATED_OBJC_IMPLEMENTATIONS = YES;
				CLANG_WARN_DIRECT_OBJC_ISA_USAGE = YES_ERROR;
				CLANG_WARN_DOCUMENTATION_COMMENTS = YES;
				CLANG_WARN_EMPTY_BODY = YES;
				CLANG_WARN_ENUM_CONVERSION = YES;
				CLANG_WARN_INFINITE_RECURSION = YES;
				CLANG_WARN_INT_CONVERSION = YES;
				CLANG_WARN_NON_LITERAL_NULL_CONVERSION = YES;
				CLANG_WARN_OBJC_IMPLICIT_RETAIN_SELF = YES;
				CLANG_WARN_OBJC_LITERAL_CONVERSION = YES;
				CLANG_WARN_OBJC_ROOT_CLASS = YES_ERROR;
				CLANG_WARN_RANGE_LOOP_ANALYSIS = YES;
				CLANG_WARN_STRICT_PROTOTYPES = YES;
				CLANG_WARN_SUSPICIOUS_MOVE = YES;
				CLANG_WARN_UNGUARDED_AVAILABILITY = YES_AGGRESSIVE;
				CLANG_WARN_UNREACHABLE_CODE = YES;
				CLANG_WARN__DUPLICATE_METHOD_MATCH = YES;
				COPY_PHASE_STRIP = NO;
				DEBUG_INFORMATION_FORMAT = dwarf;
				ENABLE_STRICT_OBJC_MSGSEND = YES;
				ENABLE_TESTABILITY = YES;
				GCC_C_LANGUAGE_STANDARD = gnu11;
				GCC_DYNAMIC_NO_PIC = NO;
				GCC_NO_COMMON_BLOCKS = YES;
				GCC_OPTIMIZATION_LEVEL = 0;
				GCC_PREPROCESSOR_DEFINITIONS = (
					"DEBUG=1",
					"$(inherited)",
				);
				GCC_WARN_64_TO_32_BIT_CONVERSION = YES;
				GCC_WARN_ABOUT_RETURN_TYPE = YES_ERROR;
				GCC_WARN_UNDECLARED_SELECTOR = YES;
				GCC_WARN_UNINITIALIZED_AUTOS = YES_AGGRESSIVE;
				GCC_WARN_UNUSED_FUNCTION = YES;
				GCC_WARN_UNUSED_VARIABLE = YES;
				MTL_ENABLE_DEBUG_INFO = YES;
				ONLY_ACTIVE_ARCH = YES;
				SDKROOT = appletvos;
				SWIFT_ACTIVE_COMPILATION_CONDITIONS = DEBUG;
				SWIFT_OPTIMIZATION_LEVEL = "-Onone";
				TVOS_DEPLOYMENT_TARGET = 11.3;
			};
			name = Debug;
		};
		CF8DC90920BC7B9400CC2453 /* Release */ = {
			isa = XCBuildConfiguration;
			buildSettings = {
				ALWAYS_SEARCH_USER_PATHS = NO;
				CLANG_ANALYZER_NONNULL = YES;
				CLANG_ANALYZER_NUMBER_OBJECT_CONVERSION = YES_AGGRESSIVE;
				CLANG_CXX_LANGUAGE_STANDARD = "gnu++14";
				CLANG_CXX_LIBRARY = "libc++";
				CLANG_ENABLE_MODULES = YES;
				CLANG_ENABLE_OBJC_ARC = YES;
				CLANG_ENABLE_OBJC_WEAK = YES;
				CLANG_WARN_BLOCK_CAPTURE_AUTORELEASING = YES;
				CLANG_WARN_BOOL_CONVERSION = YES;
				CLANG_WARN_COMMA = YES;
				CLANG_WARN_CONSTANT_CONVERSION = YES;
				CLANG_WARN_DEPRECATED_OBJC_IMPLEMENTATIONS = YES;
				CLANG_WARN_DIRECT_OBJC_ISA_USAGE = YES_ERROR;
				CLANG_WARN_DOCUMENTATION_COMMENTS = YES;
				CLANG_WARN_EMPTY_BODY = YES;
				CLANG_WARN_ENUM_CONVERSION = YES;
				CLANG_WARN_INFINITE_RECURSION = YES;
				CLANG_WARN_INT_CONVERSION = YES;
				CLANG_WARN_NON_LITERAL_NULL_CONVERSION = YES;
				CLANG_WARN_OBJC_IMPLICIT_RETAIN_SELF = YES;
				CLANG_WARN_OBJC_LITERAL_CONVERSION = YES;
				CLANG_WARN_OBJC_ROOT_CLASS = YES_ERROR;
				CLANG_WARN_RANGE_LOOP_ANALYSIS = YES;
				CLANG_WARN_STRICT_PROTOTYPES = YES;
				CLANG_WARN_SUSPICIOUS_MOVE = YES;
				CLANG_WARN_UNGUARDED_AVAILABILITY = YES_AGGRESSIVE;
				CLANG_WARN_UNREACHABLE_CODE = YES;
				CLANG_WARN__DUPLICATE_METHOD_MATCH = YES;
				COPY_PHASE_STRIP = NO;
				DEBUG_INFORMATION_FORMAT = "dwarf-with-dsym";
				ENABLE_NS_ASSERTIONS = NO;
				ENABLE_STRICT_OBJC_MSGSEND = YES;
				GCC_C_LANGUAGE_STANDARD = gnu11;
				GCC_NO_COMMON_BLOCKS = YES;
				GCC_WARN_64_TO_32_BIT_CONVERSION = YES;
				GCC_WARN_ABOUT_RETURN_TYPE = YES_ERROR;
				GCC_WARN_UNDECLARED_SELECTOR = YES;
				GCC_WARN_UNINITIALIZED_AUTOS = YES_AGGRESSIVE;
				GCC_WARN_UNUSED_FUNCTION = YES;
				GCC_WARN_UNUSED_VARIABLE = YES;
				MTL_ENABLE_DEBUG_INFO = NO;
				SDKROOT = appletvos;
				SWIFT_COMPILATION_MODE = wholemodule;
				SWIFT_OPTIMIZATION_LEVEL = "-O";
				TVOS_DEPLOYMENT_TARGET = 11.3;
				VALIDATE_PRODUCT = YES;
			};
			name = Release;
		};
		CF8DC90B20BC7B9400CC2453 /* Debug */ = {
			isa = XCBuildConfiguration;
			buildSettings = {
				ASSETCATALOG_COMPILER_APPICON_NAME = "App Icon & Top Shelf Image";
				ASSETCATALOG_COMPILER_LAUNCHIMAGE_NAME = LaunchImage;
				CODE_SIGN_STYLE = Automatic;
				DEVELOPMENT_TEAM = C45KF93FKW;
				INFOPLIST_FILE = MultiPeerConnection_AppleTV/Info.plist;
				LD_RUNPATH_SEARCH_PATHS = (
					"$(inherited)",
					"@executable_path/Frameworks",
				);
				PRODUCT_BUNDLE_IDENTIFIER = "mack.com.br.MultiPeerConnection-AppleTV";
				PRODUCT_NAME = "$(TARGET_NAME)";
				SWIFT_VERSION = 4.0;
				TARGETED_DEVICE_FAMILY = 3;
			};
			name = Debug;
		};
		CF8DC90C20BC7B9400CC2453 /* Release */ = {
			isa = XCBuildConfiguration;
			buildSettings = {
				ASSETCATALOG_COMPILER_APPICON_NAME = "App Icon & Top Shelf Image";
				ASSETCATALOG_COMPILER_LAUNCHIMAGE_NAME = LaunchImage;
				CODE_SIGN_STYLE = Automatic;
				DEVELOPMENT_TEAM = C45KF93FKW;
				INFOPLIST_FILE = MultiPeerConnection_AppleTV/Info.plist;
				LD_RUNPATH_SEARCH_PATHS = (
					"$(inherited)",
					"@executable_path/Frameworks",
				);
				PRODUCT_BUNDLE_IDENTIFIER = "mack.com.br.MultiPeerConnection-AppleTV";
				PRODUCT_NAME = "$(TARGET_NAME)";
				SWIFT_VERSION = 4.0;
				TARGETED_DEVICE_FAMILY = 3;
			};
			name = Release;
		};
/* End XCBuildConfiguration section */

/* Begin XCConfigurationList section */
		CF8DC8F620BC7B9200CC2453 /* Build configuration list for PBXProject "MultiPeerConnection_AppleTV" */ = {
			isa = XCConfigurationList;
			buildConfigurations = (
				CF8DC90820BC7B9400CC2453 /* Debug */,
				CF8DC90920BC7B9400CC2453 /* Release */,
			);
			defaultConfigurationIsVisible = 0;
			defaultConfigurationName = Release;
		};
		CF8DC90A20BC7B9400CC2453 /* Build configuration list for PBXNativeTarget "MultiPeerConnection_AppleTV" */ = {
			isa = XCConfigurationList;
			buildConfigurations = (
				CF8DC90B20BC7B9400CC2453 /* Debug */,
				CF8DC90C20BC7B9400CC2453 /* Release */,
			);
			defaultConfigurationIsVisible = 0;
			defaultConfigurationName = Release;
		};
/* End XCConfigurationList section */
	};
	rootObject = CF8DC8F320BC7B9200CC2453 /* Project object */;
}
